
Microsoft Visual Studio Solution File, Format Version 12.00
Project("{FAE04EC0-301F-11D3-BF4B-00C04F79EFBC}") = "State", "State\State.csproj", "{97C53F99-C80D-4B51-A94E-224F3E4B0B12}"
EndProject
Project("{FAE04EC0-301F-11D3-BF4B-00C04F79EFBC}") = "State.Test", "State.Test\State.Test.csproj", "{3812D89E-6276-4118-A522-3347B99E4B3F}"
EndProject
Project("{FAE04EC0-301F-11D3-BF4B-00C04F79EFBC}") = "Demo", "Demo\Demo.csproj", "{BF701582-2C36-43FE-8CC8-153383474FBC}"
EndProject
Global
	GlobalSection(SolutionConfigurationPlatforms) = preSolution
		Debug|Any CPU = Debug|Any CPU
		Release|Any CPU = Release|Any CPU
	EndGlobalSection
	GlobalSection(ProjectConfigurationPlatforms) = postSolution
		{97C53F99-C80D-4B51-A94E-224F3E4B0B12}.Debug|Any CPU.ActiveCfg = Debug|Any CPU
		{97C53F99-C80D-4B51-A94E-224F3E4B0B12}.Debug|Any CPU.Build.0 = Debug|Any CPU
		{97C53F99-C80D-4B51-A94E-224F3E4B0B12}.Release|Any CPU.ActiveCfg = Release|Any CPU
		{97C53F99-C80D-4B51-A94E-224F3E4B0B12}.Release|Any CPU.Build.0 = Release|Any CPU
		{3812D89E-6276-4118-A522-3347B99E4B3F}.Debug|Any CPU.ActiveCfg = Debug|Any CPU
		{3812D89E-6276-4118-A522-3347B99E4B3F}.Debug|Any CPU.Build.0 = Debug|Any CPU
		{3812D89E-6276-4118-A522-3347B99E4B3F}.Release|Any CPU.ActiveCfg = Release|Any CPU
		{3812D89E-6276-4118-A522-3347B99E4B3F}.Release|Any CPU.Build.0 = Release|Any CPU
		{BF701582-2C36-43FE-8CC8-153383474FBC}.Debug|Any CPU.ActiveCfg = Debug|Any CPU
		{BF701582-2C36-43FE-8CC8-153383474FBC}.Debug|Any CPU.Build.0 = Debug|Any CPU
		{BF701582-2C36-43FE-8CC8-153383474FBC}.Release|Any CPU.ActiveCfg = Release|Any CPU
		{BF701582-2C36-43FE-8CC8-153383474FBC}.Release|Any CPU.Build.0 = Release|Any CPU
	EndGlobalSection
EndGlobal
